
Microsoft Visual Studio Solution File, Format Version 12.00
# Visual Studio Version 17
VisualStudioVersion = 17.8.34330.188
MinimumVisualStudioVersion = 10.0.40219.1
Project("{FAE04EC0-301F-11D3-BF4B-00C04F79EFBC}") = "WriterEvent", "WriterEvent\WriterEvent.csproj", "{E5A3FEFE-8281-4661-904D-0FE764D7DB20}"
EndProject
Global
	GlobalSection(SolutionConfigurationPlatforms) = preSolution
		Debug|Any CPU = Debug|Any CPU
		Release|Any CPU = Release|Any CPU
	EndGlobalSection
	GlobalSection(ProjectConfigurationPlatforms) = postSolution
		{E5A3FEFE-8281-4661-904D-0FE764D7DB20}.Debug|Any CPU.ActiveCfg = Debug|Any CPU
		{E5A3FEFE-8281-4661-904D-0FE764D7DB20}.Debug|Any CPU.Build.0 = Debug|Any CPU
		{E5A3FEFE-8281-4661-904D-0FE764D7DB20}.Release|Any CPU.ActiveCfg = Release|Any CPU
		{E5A3FEFE-8281-4661-904D-0FE764D7DB20}.Release|Any CPU.Build.0 = Release|Any CPU
	EndGlobalSection
	GlobalSection(SolutionProperties) = preSolution
		HideSolutionNode = FALSE
	EndGlobalSection
	GlobalSection(ExtensibilityGlobals) = postSolution
		SolutionGuid = {96672415-7E1B-4F53-B7B4-9C9116F40673}
	EndGlobalSection
EndGlobal
